
Microsoft Visual Studio Solution File, Format Version 12.00
# Visual Studio Version 16
VisualStudioVersion = 16.0.30711.63
MinimumVisualStudioVersion = 10.0.40219.1
Project("{FAE04EC0-301F-11D3-BF4B-00C04F79EFBC}") = "CleanBlog", "CleanBlog\CleanBlog.csproj", "{8749CB17-8FC2-42E8-9B01-FD0C17FFAC9B}"
EndProject
Global
	GlobalSection(SolutionConfigurationPlatforms) = preSolution
		Debug|Any CPU = Debug|Any CPU
		Release|Any CPU = Release|Any CPU
	EndGlobalSection
	GlobalSection(ProjectConfigurationPlatforms) = postSolution
		{8749CB17-8FC2-42E8-9B01-FD0C17FFAC9B}.Debug|Any CPU.ActiveCfg = Debug|Any CPU
		{8749CB17-8FC2-42E8-9B01-FD0C17FFAC9B}.Debug|Any CPU.Build.0 = Debug|Any CPU
		{8749CB17-8FC2-42E8-9B01-FD0C17FFAC9B}.Release|Any CPU.ActiveCfg = Release|Any CPU
		{8749CB17-8FC2-42E8-9B01-FD0C17FFAC9B}.Release|Any CPU.Build.0 = Release|Any CPU
	EndGlobalSection
	GlobalSection(SolutionProperties) = preSolution
		HideSolutionNode = FALSE
	EndGlobalSection
	GlobalSection(ExtensibilityGlobals) = postSolution
		SolutionGuid = {91AC07D4-7975-4534-A2E6-867F00A287CB}
	EndGlobalSection
EndGlobal
